
Microsoft Visual Studio Solution File, Format Version 12.00
Project("{FAE04EC0-301F-11D3-BF4B-00C04F79EFBC}") = "ApiTest", "ApiTest\ApiTest.csproj", "{2269946B-BDB4-4137-9ED3-0B8A3030E960}"
EndProject
Global
	GlobalSection(SolutionConfigurationPlatforms) = preSolution
		Debug|Any CPU = Debug|Any CPU
		Release|Any CPU = Release|Any CPU
	EndGlobalSection
	GlobalSection(ProjectConfigurationPlatforms) = postSolution
		{2269946B-BDB4-4137-9ED3-0B8A3030E960}.Debug|Any CPU.ActiveCfg = Debug|Any CPU
		{2269946B-BDB4-4137-9ED3-0B8A3030E960}.Debug|Any CPU.Build.0 = Debug|Any CPU
		{2269946B-BDB4-4137-9ED3-0B8A3030E960}.Release|Any CPU.ActiveCfg = Release|Any CPU
		{2269946B-BDB4-4137-9ED3-0B8A3030E960}.Release|Any CPU.Build.0 = Release|Any CPU
	EndGlobalSection
EndGlobal
